// !$*UTF8*$!
{
	archiveVersion = 1;
	classes = {
	};
	objectVersion = 56;
	objects = {

/* Begin PBXBuildFile section */
		AE79E8B629B70F440070EF7D /* AppDelegate.swift in Sources */ = {isa = PBXBuildFile; fileRef = AE79E8B529B70F440070EF7D /* AppDelegate.swift */; };
		AE79E8B829B70F440070EF7D /* SceneDelegate.swift in Sources */ = {isa = PBXBuildFile; fileRef = AE79E8B729B70F440070EF7D /* SceneDelegate.swift */; };
		AE79E8BA29B70F440070EF7D /* ViewController.swift in Sources */ = {isa = PBXBuildFile; fileRef = AE79E8B929B70F440070EF7D /* ViewController.swift */; };
		AE79E8BD29B70F440070EF7D /* Main.storyboard in Resources */ = {isa = PBXBuildFile; fileRef = AE79E8BB29B70F440070EF7D /* Main.storyboard */; };
		AE79E8BF29B70F460070EF7D /* Assets.xcassets in Resources */ = {isa = PBXBuildFile; fileRef = AE79E8BE29B70F460070EF7D /* Assets.xcassets */; };
		AE79E8C229B70F460070EF7D /* LaunchScreen.storyboard in Resources */ = {isa = PBXBuildFile; fileRef = AE79E8C029B70F460070EF7D /* LaunchScreen.storyboard */; };
		AE79E8CD29B70F460070EF7D /* accessStructTests.swift in Sources */ = {isa = PBXBuildFile; fileRef = AE79E8CC29B70F460070EF7D /* accessStructTests.swift */; };
		AE79E8D729B70F460070EF7D /* accessStructUITests.swift in Sources */ = {isa = PBXBuildFile; fileRef = AE79E8D629B70F460070EF7D /* accessStructUITests.swift */; };
		AE79E8D929B70F460070EF7D /* accessStructUITestsLaunchTests.swift in Sources */ = {isa = PBXBuildFile; fileRef = AE79E8D829B70F460070EF7D /* accessStructUITestsLaunchTests.swift */; };
		AE79E8E629B70FDF0070EF7D /* TVC.xib in Resources */ = {isa = PBXBuildFile; fileRef = AE79E8E529B70FDF0070EF7D /* TVC.xib */; };
		AE79E8E829B710A10070EF7D /* TVC.swift in Sources */ = {isa = PBXBuildFile; fileRef = AE79E8E729B710A10070EF7D /* TVC.swift */; };
/* End PBXBuildFile section */

/* Begin PBXContainerItemProxy section */
		AE79E8C929B70F460070EF7D /* PBXContainerItemProxy */ = {
			isa = PBXContainerItemProxy;
			containerPortal = AE79E8AA29B70F440070EF7D /* Project object */;
			proxyType = 1;
			remoteGlobalIDString = AE79E8B129B70F440070EF7D;
			remoteInfo = accessStruct;
		};
		AE79E8D329B70F460070EF7D /* PBXContainerItemProxy */ = {
			isa = PBXContainerItemProxy;
			containerPortal = AE79E8AA29B70F440070EF7D /* Project object */;
			proxyType = 1;
			remoteGlobalIDString = AE79E8B129B70F440070EF7D;
			remoteInfo = accessStruct;
		};
/* End PBXContainerItemProxy section */

/* Begin PBXFileReference section */
		AE79E8B229B70F440070EF7D /* accessStruct.app */ = {isa = PBXFileReference; explicitFileType = wrapper.application; includeInIndex = 0; path = accessStruct.app; sourceTree = BUILT_PRODUCTS_DIR; };
		AE79E8B529B70F440070EF7D /* AppDelegate.swift */ = {isa = PBXFileReference; lastKnownFileType = sourcecode.swift; path = AppDelegate.swift; sourceTree = "<group>"; };
		AE79E8B729B70F440070EF7D /* SceneDelegate.swift */ = {isa = PBXFileReference; lastKnownFileType = sourcecode.swift; path = SceneDelegate.swift; sourceTree = "<group>"; };
		AE79E8B929B70F440070EF7D /* ViewController.swift */ = {isa = PBXFileReference; lastKnownFileType = sourcecode.swift; path = ViewController.swift; sourceTree = "<group>"; };
		AE79E8BC29B70F440070EF7D /* Base */ = {isa = PBXFileReference; lastKnownFileType = file.storyboard; name = Base; path = Base.lproj/Main.storyboard; sourceTree = "<group>"; };
		AE79E8BE29B70F460070EF7D /* Assets.xcassets */ = {isa = PBXFileReference; lastKnownFileType = folder.assetcatalog; path = Assets.xcassets; sourceTree = "<group>"; };
		AE79E8C129B70F460070EF7D /* Base */ = {isa = PBXFileReference; lastKnownFileType = file.storyboard; name = Base; path = Base.lproj/LaunchScreen.storyboard; sourceTree = "<group>"; };
		AE79E8C329B70F460070EF7D /* Info.plist */ = {isa = PBXFileReference; lastKnownFileType = text.plist.xml; path = Info.plist; sourceTree = "<group>"; };
		AE79E8C829B70F460070EF7D /* accessStructTests.xctest */ = {isa = PBXFileReference; explicitFileType = wrapper.cfbundle; includeInIndex = 0; path = accessStructTests.xctest; sourceTree = BUILT_PRODUCTS_DIR; };
		AE79E8CC29B70F460070EF7D /* accessStructTests.swift */ = {isa = PBXFileReference; lastKnownFileType = sourcecode.swift; path = accessStructTests.swift; sourceTree = "<group>"; };
		AE79E8D229B70F460070EF7D /* accessStructUITests.xctest */ = {isa = PBXFileReference; explicitFileType = wrapper.cfbundle; includeInIndex = 0; path = accessStructUITests.xctest; sourceTree = BUILT_PRODUCTS_DIR; };
		AE79E8D629B70F460070EF7D /* accessStructUITests.swift */ = {isa = PBXFileReference; lastKnownFileType = sourcecode.swift; path = accessStructUITests.swift; sourceTree = "<group>"; };
		AE79E8D829B70F460070EF7D /* accessStructUITestsLaunchTests.swift */ = {isa = PBXFileReference; lastKnownFileType = sourcecode.swift; path = accessStructUITestsLaunchTests.swift; sourceTree = "<group>"; };
		AE79E8E529B70FDF0070EF7D /* TVC.xib */ = {isa = PBXFileReference; lastKnownFileType = file.xib; path = TVC.xib; sourceTree = "<group>"; };
		AE79E8E729B710A10070EF7D /* TVC.swift */ = {isa = PBXFileReference; lastKnownFileType = sourcecode.swift; path = TVC.swift; sourceTree = "<group>"; };
/* End PBXFileReference section */

/* Begin PBXFrameworksBuildPhase section */
		AE79E8AF29B70F440070EF7D /* Frameworks */ = {
			isa = PBXFrameworksBuildPhase;
			buildActionMask = 2147483647;
			files = (
			);
			runOnlyForDeploymentPostprocessing = 0;
		};
		AE79E8C529B70F460070EF7D /* Frameworks */ = {
			isa = PBXFrameworksBuildPhase;
			buildActionMask = 2147483647;
			files = (
			);
			runOnlyForDeploymentPostprocessing = 0;
		};
		AE79E8CF29B70F460070EF7D /* Frameworks */ = {
			isa = PBXFrameworksBuildPhase;
			buildActionMask = 2147483647;
			files = (
			);
			runOnlyForDeploymentPostprocessing = 0;
		};
/* End PBXFrameworksBuildPhase section */

/* Begin PBXGroup section */
		AE79E8A929B70F440070EF7D = {
			isa = PBXGroup;
			children = (
				AE79E8B429B70F440070EF7D /* accessStruct */,
				AE79E8CB29B70F460070EF7D /* accessStructTests */,
				AE79E8D529B70F460070EF7D /* accessStructUITests */,
				AE79E8B329B70F440070EF7D /* Products */,
			);
			sourceTree = "<group>";
		};
		AE79E8B329B70F440070EF7D /* Products */ = {
			isa = PBXGroup;
			children = (
				AE79E8B229B70F440070EF7D /* accessStruct.app */,
				AE79E8C829B70F460070EF7D /* accessStructTests.xctest */,
				AE79E8D229B70F460070EF7D /* accessStructUITests.xctest */,
			);
			name = Products;
			sourceTree = "<group>";
		};
		AE79E8B429B70F440070EF7D /* accessStruct */ = {
			isa = PBXGroup;
			children = (
				AE79E8B529B70F440070EF7D /* AppDelegate.swift */,
				AE79E8B729B70F440070EF7D /* SceneDelegate.swift */,
				AE79E8B929B70F440070EF7D /* ViewController.swift */,
				AE79E8BB29B70F440070EF7D /* Main.storyboard */,
				AE79E8BE29B70F460070EF7D /* Assets.xcassets */,
				AE79E8C029B70F460070EF7D /* LaunchScreen.storyboard */,
				AE79E8C329B70F460070EF7D /* Info.plist */,
				AE79E8E529B70FDF0070EF7D /* TVC.xib */,
				AE79E8E729B710A10070EF7D /* TVC.swift */,
			);
			path = accessStruct;
			sourceTree = "<group>";
		};
		AE79E8CB29B70F460070EF7D /* accessStructTests */ = {
			isa = PBXGroup;
			children = (
				AE79E8CC29B70F460070EF7D /* accessStructTests.swift */,
			);
			path = accessStructTests;
			sourceTree = "<group>";
		};
		AE79E8D529B70F460070EF7D /* accessStructUITests */ = {
			isa = PBXGroup;
			children = (
				AE79E8D629B70F460070EF7D /* accessStructUITests.swift */,
				AE79E8D829B70F460070EF7D /* accessStructUITestsLaunchTests.swift */,
			);
			path = accessStructUITests;
			sourceTree = "<group>";
		};
/* End PBXGroup section */

/* Begin PBXNativeTarget section */
		AE79E8B129B70F440070EF7D /* accessStruct */ = {
			isa = PBXNativeTarget;
			buildConfigurationList = AE79E8DC29B70F460070EF7D /* Build configuration list for PBXNativeTarget "accessStruct" */;
			buildPhases = (
				AE79E8AE29B70F440070EF7D /* Sources */,
				AE79E8AF29B70F440070EF7D /* Frameworks */,
				AE79E8B029B70F440070EF7D /* Resources */,
			);
			buildRules = (
			);
			dependencies = (
			);
			name = accessStruct;
			productName = accessStruct;
			productReference = AE79E8B229B70F440070EF7D /* accessStruct.app */;
			productType = "com.apple.product-type.application";
		};
		AE79E8C729B70F460070EF7D /* accessStructTests */ = {
			isa = PBXNativeTarget;
			buildConfigurationList = AE79E8DF29B70F460070EF7D /* Build configuration list for PBXNativeTarget "accessStructTests" */;
			buildPhases = (
				AE79E8C429B70F460070EF7D /* Sources */,
				AE79E8C529B70F460070EF7D /* Frameworks */,
				AE79E8C629B70F460070EF7D /* Resources */,
			);
			buildRules = (
			);
			dependencies = (
				AE79E8CA29B70F460070EF7D /* PBXTargetDependency */,
			);
			name = accessStructTests;
			productName = accessStructTests;
			productReference = AE79E8C829B70F460070EF7D /* accessStructTests.xctest */;
			productType = "com.apple.product-type.bundle.unit-test";
		};
		AE79E8D129B70F460070EF7D /* accessStructUITests */ = {
			isa = PBXNativeTarget;
			buildConfigurationList = AE79E8E229B70F460070EF7D /* Build configuration list for PBXNativeTarget "accessStructUITests" */;
			buildPhases = (
				AE79E8CE29B70F460070EF7D /* Sources */,
				AE79E8CF29B70F460070EF7D /* Frameworks */,
				AE79E8D029B70F460070EF7D /* Resources */,
			);
			buildRules = (
			);
			dependencies = (
				AE79E8D429B70F460070EF7D /* PBXTargetDependency */,
			);
			name = accessStructUITests;
			productName = accessStructUITests;
			productReference = AE79E8D229B70F460070EF7D /* accessStructUITests.xctest */;
			productType = "com.apple.product-type.bundle.ui-testing";
		};
/* End PBXNativeTarget section */

/* Begin PBXProject section */
		AE79E8AA29B70F440070EF7D /* Project object */ = {
			isa = PBXProject;
			attributes = {
				BuildIndependentTargetsInParallel = 1;
				LastSwiftUpdateCheck = 1420;
				LastUpgradeCheck = 1420;
				TargetAttributes = {
					AE79E8B129B70F440070EF7D = {
						CreatedOnToolsVersion = 14.2;
					};
					AE79E8C729B70F460070EF7D = {
						CreatedOnToolsVersion = 14.2;
						TestTargetID = AE79E8B129B70F440070EF7D;
					};
					AE79E8D129B70F460070EF7D = {
						CreatedOnToolsVersion = 14.2;
						TestTargetID = AE79E8B129B70F440070EF7D;
					};
				};
			};
			buildConfigurationList = AE79E8AD29B70F440070EF7D /* Build configuration list for PBXProject "accessStruct" */;
			compatibilityVersion = "Xcode 14.0";
			developmentRegion = en;
			hasScannedForEncodings = 0;
			knownRegions = (
				en,
				Base,
			);
			mainGroup = AE79E8A929B70F440070EF7D;
			productRefGroup = AE79E8B329B70F440070EF7D /* Products */;
			projectDirPath = "";
			projectRoot = "";
			targets = (
				AE79E8B129B70F440070EF7D /* accessStruct */,
				AE79E8C729B70F460070EF7D /* accessStructTests */,
				AE79E8D129B70F460070EF7D /* accessStructUITests */,
			);
		};
/* End PBXProject section */

/* Begin PBXResourcesBuildPhase section */
		AE79E8B029B70F440070EF7D /* Resources */ = {
			isa = PBXResourcesBuildPhase;
			buildActionMask = 2147483647;
			files = (
				AE79E8C229B70F460070EF7D /* LaunchScreen.storyboard in Resources */,
				AE79E8E629B70FDF0070EF7D /* TVC.xib in Resources */,
				AE79E8BF29B70F460070EF7D /* Assets.xcassets in Resources */,
				AE79E8BD29B70F440070EF7D /* Main.storyboard in Resources */,
			);
			runOnlyForDeploymentPostprocessing = 0;
		};
		AE79E8C629B70F460070EF7D /* Resources */ = {
			isa = PBXResourcesBuildPhase;
			buildActionMask = 2147483647;
			files = (
			);
			runOnlyForDeploymentPostprocessing = 0;
		};
		AE79E8D029B70F460070EF7D /* Resources */ = {
			isa = PBXResourcesBuildPhase;
			buildActionMask = 2147483647;
			files = (
			);
			runOnlyForDeploymentPostprocessing = 0;
		};
/* End PBXResourcesBuildPhase section */

/* Begin PBXSourcesBuildPhase section */
		AE79E8AE29B70F440070EF7D /* Sources */ = {
			isa = PBXSourcesBuildPhase;
			buildActionMask = 2147483647;
			files = (
				AE79E8BA29B70F440070EF7D /* ViewController.swift in Sources */,
				AE79E8E829B710A10070EF7D /* TVC.swift in Sources */,
				AE79E8B629B70F440070EF7D /* AppDelegate.swift in Sources */,
				AE79E8B829B70F440070EF7D /* SceneDelegate.swift in Sources */,
			);
			runOnlyForDeploymentPostprocessing = 0;
		};
		AE79E8C429B70F460070EF7D /* Sources */ = {
			isa = PBXSourcesBuildPhase;
			buildActionMask = 2147483647;
			files = (
				AE79E8CD29B70F460070EF7D /* accessStructTests.swift in Sources */,
			);
			runOnlyForDeploymentPostprocessing = 0;
		};
		AE79E8CE29B70F460070EF7D /* Sources */ = {
			isa = PBXSourcesBuildPhase;
			buildActionMask = 2147483647;
			files = (
				AE79E8D729B70F460070EF7D /* accessStructUITests.swift in Sources */,
				AE79E8D929B70F460070EF7D /* accessStructUITestsLaunchTests.swift in Sources */,
			);
			runOnlyForDeploymentPostprocessing = 0;
		};
/* End PBXSourcesBuildPhase section */

/* Begin PBXTargetDependency section */
		AE79E8CA29B70F460070EF7D /* PBXTargetDependency */ = {
			isa = PBXTargetDependency;
			target = AE79E8B129B70F440070EF7D /* accessStruct */;
			targetProxy = AE79E8C929B70F460070EF7D /* PBXContainerItemProxy */;
		};
		AE79E8D429B70F460070EF7D /* PBXTargetDependency */ = {
			isa = PBXTargetDependency;
			target = AE79E8B129B70F440070EF7D /* accessStruct */;
			targetProxy = AE79E8D329B70F460070EF7D /* PBXContainerItemProxy */;
		};
/* End PBXTargetDependency section */

/* Begin PBXVariantGroup section */
		AE79E8BB29B70F440070EF7D /* Main.storyboard */ = {
			isa = PBXVariantGroup;
			children = (
				AE79E8BC29B70F440070EF7D /* Base */,
			);
			name = Main.storyboard;
			sourceTree = "<group>";
		};
		AE79E8C029B70F460070EF7D /* LaunchScreen.storyboard */ = {
			isa = PBXVariantGroup;
			children = (
				AE79E8C129B70F460070EF7D /* Base */,
			);
			name = LaunchScreen.storyboard;
			sourceTree = "<group>";
		};
/* End PBXVariantGroup section */

/* Begin XCBuildConfiguration section */
		AE79E8DA29B70F460070EF7D /* Debug */ = {
			isa = XCBuildConfiguration;
			buildSettings = {
				ALWAYS_SEARCH_USER_PATHS = NO;
				CLANG_ANALYZER_NONNULL = YES;
				CLANG_ANALYZER_NUMBER_OBJECT_CONVERSION = YES_AGGRESSIVE;
				CLANG_CXX_LANGUAGE_STANDARD = "gnu++20";
				CLANG_ENABLE_MODULES = YES;
				CLANG_ENABLE_OBJC_ARC = YES;
				CLANG_ENABLE_OBJC_WEAK = YES;
				CLANG_WARN_BLOCK_CAPTURE_AUTORELEASING = YES;
				CLANG_WARN_BOOL_CONVERSION = YES;
				CLANG_WARN_COMMA = YES;
				CLANG_WARN_CONSTANT_CONVERSION = YES;
				CLANG_WARN_DEPRECATED_OBJC_IMPLEMENTATIONS = YES;
				CLANG_WARN_DIRECT_OBJC_ISA_USAGE = YES_ERROR;
				CLANG_WARN_DOCUMENTATION_COMMENTS = YES;
				CLANG_WARN_EMPTY_BODY = YES;
				CLANG_WARN_ENUM_CONVERSION = YES;
				CLANG_WARN_INFINITE_RECURSION = YES;
				CLANG_WARN_INT_CONVERSION = YES;
				CLANG_WARN_NON_LITERAL_NULL_CONVERSION = YES;
				CLANG_WARN_OBJC_IMPLICIT_RETAIN_SELF = YES;
				CLANG_WARN_OBJC_LITERAL_CONVERSION = YES;
				CLANG_WARN_OBJC_ROOT_CLASS = YES_ERROR;
				CLANG_WARN_QUOTED_INCLUDE_IN_FRAMEWORK_HEADER = YES;
				CLANG_WARN_RANGE_LOOP_ANALYSIS = YES;
				CLANG_WARN_STRICT_PROTOTYPES = YES;
				CLANG_WARN_SUSPICIOUS_MOVE = YES;
				CLANG_WARN_UNGUARDED_AVAILABILITY = YES_AGGRESSIVE;
				CLANG_WARN_UNREACHABLE_CODE = YES;
				CLANG_WARN__DUPLICATE_METHOD_MATCH = YES;
				COPY_PHASE_STRIP = NO;
				DEBUG_INFORMATION_FORMAT = dwarf;
				ENABLE_STRICT_OBJC_MSGSEND = YES;
				ENABLE_TESTABILITY = YES;
				GCC_C_LANGUAGE_STANDARD = gnu11;
				GCC_DYNAMIC_NO_PIC = NO;
				GCC_NO_COMMON_BLOCKS = YES;
				GCC_OPTIMIZATION_LEVEL = 0;
				GCC_PREPROCESSOR_DEFINITIONS = (
					"DEBUG=1",
					"$(inherited)",
				);
				GCC_WARN_64_TO_32_BIT_CONVERSION = YES;
				GCC_WARN_ABOUT_RETURN_TYPE = YES_ERROR;
				GCC_WARN_UNDECLARED_SELECTOR = YES;
				GCC_WARN_UNINITIALIZED_AUTOS = YES_AGGRESSIVE;
				GCC_WARN_UNUSED_FUNCTION = YES;
				GCC_WARN_UNUSED_VARIABLE = YES;
				IPHONEOS_DEPLOYMENT_TARGET = 16.2;
				MTL_ENABLE_DEBUG_INFO = INCLUDE_SOURCE;
				MTL_FAST_MATH = YES;
				ONLY_ACTIVE_ARCH = YES;
				SDKROOT = iphoneos;
				SWIFT_ACTIVE_COMPILATION_CONDITIONS = DEBUG;
				SWIFT_OPTIMIZATION_LEVEL = "-Onone";
			};
			name = Debug;
		};
		AE79E8DB29B70F460070EF7D /* Release */ = {
			isa = XCBuildConfiguration;
			buildSettings = {
				ALWAYS_SEARCH_USER_PATHS = NO;
				CLANG_ANALYZER_NONNULL = YES;
				CLANG_ANALYZER_NUMBER_OBJECT_CONVERSION = YES_AGGRESSIVE;
				CLANG_CXX_LANGUAGE_STANDARD = "gnu++20";
				CLANG_ENABLE_MODULES = YES;
				CLANG_ENABLE_OBJC_ARC = YES;
				CLANG_ENABLE_OBJC_WEAK = YES;
				CLANG_WARN_BLOCK_CAPTURE_AUTORELEASING = YES;
				CLANG_WARN_BOOL_CONVERSION = YES;
				CLANG_WARN_COMMA = YES;
				CLANG_WARN_CONSTANT_CONVERSION = YES;
				CLANG_WARN_DEPRECATED_OBJC_IMPLEMENTATIONS = YES;
				CLANG_WARN_DIRECT_OBJC_ISA_USAGE = YES_ERROR;
				CLANG_WARN_DOCUMENTATION_COMMENTS = YES;
				CLANG_WARN_EMPTY_BODY = YES;
				CLANG_WARN_ENUM_CONVERSION = YES;
				CLANG_WARN_INFINITE_RECURSION = YES;
				CLANG_WARN_INT_CONVERSION = YES;
				CLANG_WARN_NON_LITERAL_NULL_CONVERSION = YES;
				CLANG_WARN_OBJC_IMPLICIT_RETAIN_SELF = YES;
				CLANG_WARN_OBJC_LITERAL_CONVERSION = YES;
				CLANG_WARN_OBJC_ROOT_CLASS = YES_ERROR;
				CLANG_WARN_QUOTED_INCLUDE_IN_FRAMEWORK_HEADER = YES;
				CLANG_WARN_RANGE_LOOP_ANALYSIS = YES;
				CLANG_WARN_STRICT_PROTOTYPES = YES;
				CLANG_WARN_SUSPICIOUS_MOVE = YES;
				CLANG_WARN_UNGUARDED_AVAILABILITY = YES_AGGRESSIVE;
				CLANG_WARN_UNREACHABLE_CODE = YES;
				CLANG_WARN__DUPLICATE_METHOD_MATCH = YES;
				COPY_PHASE_STRIP = NO;
				DEBUG_INFORMATION_FORMAT = "dwarf-with-dsym";
				ENABLE_NS_ASSERTIONS = NO;
				ENABLE_STRICT_OBJC_MSGSEND = YES;
				GCC_C_LANGUAGE_STANDARD = gnu11;
				GCC_NO_COMMON_BLOCKS = YES;
				GCC_WARN_64_TO_32_BIT_CONVERSION = YES;
				GCC_WARN_ABOUT_RETURN_TYPE = YES_ERROR;
				GCC_WARN_UNDECLARED_SELECTOR = YES;
				GCC_WARN_UNINITIALIZED_AUTOS = YES_AGGRESSIVE;
				GCC_WARN_UNUSED_FUNCTION = YES;
				GCC_WARN_UNUSED_VARIABLE = YES;
				IPHONEOS_DEPLOYMENT_TARGET = 16.2;
				MTL_ENABLE_DEBUG_INFO = NO;
				MTL_FAST_MATH = YES;
				SDKROOT = iphoneos;
				SWIFT_COMPILATION_MODE = wholemodule;
				SWIFT_OPTIMIZATION_LEVEL = "-O";
				VALIDATE_PRODUCT = YES;
			};
			name = Release;
		};
		AE79E8DD29B70F460070EF7D /* Debug */ = {
			isa = XCBuildConfiguration;
			buildSettings = {
				ASSETCATALOG_COMPILER_APPICON_NAME = AppIcon;
				ASSETCATALOG_COMPILER_GLOBAL_ACCENT_COLOR_NAME = AccentColor;
				CODE_SIGN_STYLE = Automatic;
				CURRENT_PROJECT_VERSION = 1;
				GENERATE_INFOPLIST_FILE = YES;
				INFOPLIST_FILE = accessStruct/Info.plist;
				INFOPLIST_KEY_UIApplicationSupportsIndirectInputEvents = YES;
				INFOPLIST_KEY_UILaunchStoryboardName = LaunchScreen;
				INFOPLIST_KEY_UIMainStoryboardFile = Main;
				INFOPLIST_KEY_UISupportedInterfaceOrientations_iPad = "UIInterfaceOrientationPortrait UIInterfaceOrientationPortraitUpsideDown UIInterfaceOrientationLandscapeLeft UIInterfaceOrientationLandscapeRight";
				INFOPLIST_KEY_UISupportedInterfaceOrientations_iPhone = "UIInterfaceOrientationPortrait UIInterfaceOrientationLandscapeLeft UIInterfaceOrientationLandscapeRight";
				LD_RUNPATH_SEARCH_PATHS = (
					"$(inherited)",
					"@executable_path/Frameworks",
				);
				MARKETING_VERSION = 1.0;
				PRODUCT_BUNDLE_IDENTIFIER = SimpleAppl.accessStruct;
				PRODUCT_NAME = "$(TARGET_NAME)";
				SWIFT_EMIT_LOC_STRINGS = YES;
				SWIFT_VERSION = 5.0;
				TARGETED_DEVICE_FAMILY = "1,2";
			};
			name = Debug;
		};
		AE79E8DE29B70F460070EF7D /* Release */ = {
			isa = XCBuildConfiguration;
			buildSettings = {
				ASSETCATALOG_COMPILER_APPICON_NAME = AppIcon;
				ASSETCATALOG_COMPILER_GLOBAL_ACCENT_COLOR_NAME = AccentColor;
				CODE_SIGN_STYLE = Automatic;
				CURRENT_PROJECT_VERSION = 1;
				GENERATE_INFOPLIST_FILE = YES;
				INFOPLIST_FILE = accessStruct/Info.plist;
				INFOPLIST_KEY_UIApplicationSupportsIndirectInputEvents = YES;
				INFOPLIST_KEY_UILaunchStoryboardName = LaunchScreen;
				INFOPLIST_KEY_UIMainStoryboardFile = Main;
				INFOPLIST_KEY_UISupportedInterfaceOrientations_iPad = "UIInterfaceOrientationPortrait UIInterfaceOrientationPortraitUpsideDown UIInterfaceOrientationLandscapeLeft UIInterfaceOrientationLandscapeRight";
				INFOPLIST_KEY_UISupportedInterfaceOrientations_iPhone = "UIInterfaceOrientationPortrait UIInterfaceOrientationLandscapeLeft UIInterfaceOrientationLandscapeRight";
				LD_RUNPATH_SEARCH_PATHS = (
					"$(inherited)",
					"@executable_path/Frameworks",
				);
				MARKETING_VERSION = 1.0;
				PRODUCT_BUNDLE_IDENTIFIER = SimpleAppl.accessStruct;
				PRODUCT_NAME = "$(TARGET_NAME)";
				SWIFT_EMIT_LOC_STRINGS = YES;
				SWIFT_VERSION = 5.0;
				TARGETED_DEVICE_FAMILY = "1,2";
			};
			name = Release;
		};
		AE79E8E029B70F460070EF7D /* Debug */ = {
			isa = XCBuildConfiguration;
			buildSettings = {
				ALWAYS_EMBED_SWIFT_STANDARD_LIBRARIES = YES;
				BUNDLE_LOADER = "$(TEST_HOST)";
				CODE_SIGN_STYLE = Automatic;
				CURRENT_PROJECT_VERSION = 1;
				GENERATE_INFOPLIST_FILE = YES;
				IPHONEOS_DEPLOYMENT_TARGET = 16.2;
				MARKETING_VERSION = 1.0;
				PRODUCT_BUNDLE_IDENTIFIER = SimpleAppl.accessStructTests;
				PRODUCT_NAME = "$(TARGET_NAME)";
				SWIFT_EMIT_LOC_STRINGS = NO;
				SWIFT_VERSION = 5.0;
				TARGETED_DEVICE_FAMILY = "1,2";
				TEST_HOST = "$(BUILT_PRODUCTS_DIR)/accessStruct.app/$(BUNDLE_EXECUTABLE_FOLDER_PATH)/accessStruct";
			};
			name = Debug;
		};
		AE79E8E129B70F460070EF7D /* Release */ = {
			isa = XCBuildConfiguration;
			buildSettings = {
				ALWAYS_EMBED_SWIFT_STANDARD_LIBRARIES = YES;
				BUNDLE_LOADER = "$(TEST_HOST)";
				CODE_SIGN_STYLE = Automatic;
				CURRENT_PROJECT_VERSION = 1;
				GENERATE_INFOPLIST_FILE = YES;
				IPHONEOS_DEPLOYMENT_TARGET = 16.2;
				MARKETING_VERSION = 1.0;
				PRODUCT_BUNDLE_IDENTIFIER = SimpleAppl.accessStructTests;
				PRODUCT_NAME = "$(TARGET_NAME)";
				SWIFT_EMIT_LOC_STRINGS = NO;
				SWIFT_VERSION = 5.0;
				TARGETED_DEVICE_FAMILY = "1,2";
				TEST_HOST = "$(BUILT_PRODUCTS_DIR)/accessStruct.app/$(BUNDLE_EXECUTABLE_FOLDER_PATH)/accessStruct";
			};
			name = Release;
		};
		AE79E8E329B70F460070EF7D /* Debug */ = {
			isa = XCBuildConfiguration;
			buildSettings = {
				ALWAYS_EMBED_SWIFT_STANDARD_LIBRARIES = YES;
				CODE_SIGN_STYLE = Automatic;
				CURRENT_PROJECT_VERSION = 1;
				GENERATE_INFOPLIST_FILE = YES;
				MARKETING_VERSION = 1.0;
				PRODUCT_BUNDLE_IDENTIFIER = SimpleAppl.accessStructUITests;
				PRODUCT_NAME = "$(TARGET_NAME)";
				SWIFT_EMIT_LOC_STRINGS = NO;
				SWIFT_VERSION = 5.0;
				TARGETED_DEVICE_FAMILY = "1,2";
				TEST_TARGET_NAME = accessStruct;
			};
			name = Debug;
		};
		AE79E8E429B70F460070EF7D /* Release */ = {
			isa = XCBuildConfiguration;
			buildSettings = {
				ALWAYS_EMBED_SWIFT_STANDARD_LIBRARIES = YES;
				CODE_SIGN_STYLE = Automatic;
				CURRENT_PROJECT_VERSION = 1;
				GENERATE_INFOPLIST_FILE = YES;
				MARKETING_VERSION = 1.0;
				PRODUCT_BUNDLE_IDENTIFIER = SimpleAppl.accessStructUITests;
				PRODUCT_NAME = "$(TARGET_NAME)";
				SWIFT_EMIT_LOC_STRINGS = NO;
				SWIFT_VERSION = 5.0;
				TARGETED_DEVICE_FAMILY = "1,2";
				TEST_TARGET_NAME = accessStruct;
			};
			name = Release;
		};
/* End XCBuildConfiguration section */

/* Begin XCConfigurationList section */
		AE79E8AD29B70F440070EF7D /* Build configuration list for PBXProject "accessStruct" */ = {
			isa = XCConfigurationList;
			buildConfigurations = (
				AE79E8DA29B70F460070EF7D /* Debug */,
				AE79E8DB29B70F460070EF7D /* Release */,
			);
			defaultConfigurationIsVisible = 0;
			defaultConfigurationName = Release;
		};
		AE79E8DC29B70F460070EF7D /* Build configuration list for PBXNativeTarget "accessStruct" */ = {
			isa = XCConfigurationList;
			buildConfigurations = (
				AE79E8DD29B70F460070EF7D /* Debug */,
				AE79E8DE29B70F460070EF7D /* Release */,
			);
			defaultConfigurationIsVisible = 0;
			defaultConfigurationName = Release;
		};
		AE79E8DF29B70F460070EF7D /* Build configuration list for PBXNativeTarget "accessStructTests" */ = {
			isa = XCConfigurationList;
			buildConfigurations = (
				AE79E8E029B70F460070EF7D /* Debug */,
				AE79E8E129B70F460070EF7D /* Release */,
			);
			defaultConfigurationIsVisible = 0;
			defaultConfigurationName = Release;
		};
		AE79E8E229B70F460070EF7D /* Build configuration list for PBXNativeTarget "accessStructUITests" */ = {
			isa = XCConfigurationList;
			buildConfigurations = (
				AE79E8E329B70F460070EF7D /* Debug */,
				AE79E8E429B70F460070EF7D /* Release */,
			);
			defaultConfigurationIsVisible = 0;
			defaultConfigurationName = Release;
		};
/* End XCConfigurationList section */
	};
	rootObject = AE79E8AA29B70F440070EF7D /* Project object */;
}
